// !$*UTF8*$!
{
	archiveVersion = 1;
	classes = {
	};
	objectVersion = 46;
	objects = {

/* Begin PBXBuildFile section */
		100811E21CCCEF7C00535B39 /* AppDelegate.swift in Sources */ = {isa = PBXBuildFile; fileRef = 100811E11CCCEF7C00535B39 /* AppDelegate.swift */; };
		100811E41CCCEF7C00535B39 /* ViewController.swift in Sources */ = {isa = PBXBuildFile; fileRef = 100811E31CCCEF7C00535B39 /* ViewController.swift */; };
		100811E71CCCEF7C00535B39 /* Main.storyboard in Resources */ = {isa = PBXBuildFile; fileRef = 100811E51CCCEF7C00535B39 /* Main.storyboard */; };
		100811E91CCCEF7C00535B39 /* Assets.xcassets in Resources */ = {isa = PBXBuildFile; fileRef = 100811E81CCCEF7C00535B39 /* Assets.xcassets */; };
		100811EC1CCCEF7C00535B39 /* LaunchScreen.storyboard in Resources */ = {isa = PBXBuildFile; fileRef = 100811EA1CCCEF7C00535B39 /* LaunchScreen.storyboard */; };
		100811F41CCCF48000535B39 /* Person.swift in Sources */ = {isa = PBXBuildFile; fileRef = 100811F31CCCF48000535B39 /* Person.swift */; };
/* End PBXBuildFile section */

/* Begin PBXFileReference section */
		100811DE1CCCEF7B00535B39 /* newUserDefaults.app */ = {isa = PBXFileReference; explicitFileType = wrapper.application; includeInIndex = 0; path = newUserDefaults.app; sourceTree = BUILT_PRODUCTS_DIR; };
		100811E11CCCEF7C00535B39 /* AppDelegate.swift */ = {isa = PBXFileReference; lastKnownFileType = sourcecode.swift; path = AppDelegate.swift; sourceTree = "<group>"; };
		100811E31CCCEF7C00535B39 /* ViewController.swift */ = {isa = PBXFileReference; lastKnownFileType = sourcecode.swift; path = ViewController.swift; sourceTree = "<group>"; };
		100811E61CCCEF7C00535B39 /* Base */ = {isa = PBXFileReference; lastKnownFileType = file.storyboard; name = Base; path = Base.lproj/Main.storyboard; sourceTree = "<group>"; };
		100811E81CCCEF7C00535B39 /* Assets.xcassets */ = {isa = PBXFileReference; lastKnownFileType = folder.assetcatalog; path = Assets.xcassets; sourceTree = "<group>"; };
		100811EB1CCCEF7C00535B39 /* Base */ = {isa = PBXFileReference; lastKnownFileType = file.storyboard; name = Base; path = Base.lproj/LaunchScreen.storyboard; sourceTree = "<group>"; };
		100811ED1CCCEF7C00535B39 /* Info.plist */ = {isa = PBXFileReference; lastKnownFileType = text.plist.xml; path = Info.plist; sourceTree = "<group>"; };
		100811F31CCCF48000535B39 /* Person.swift */ = {isa = PBXFileReference; fileEncoding = 4; lastKnownFileType = sourcecode.swift; path = Person.swift; sourceTree = "<group>"; };
/* End PBXFileReference section */

/* Begin PBXFrameworksBuildPhase section */
		100811DB1CCCEF7B00535B39 /* Frameworks */ = {
			isa = PBXFrameworksBuildPhase;
			buildActionMask = 2147483647;
			files = (
			);
			runOnlyForDeploymentPostprocessing = 0;
		};
/* End PBXFrameworksBuildPhase section */

/* Begin PBXGroup section */
		100811D51CCCEF7B00535B39 = {
			isa = PBXGroup;
			children = (
				100811E01CCCEF7B00535B39 /* newUserDefaults */,
				100811DF1CCCEF7B00535B39 /* Products */,
			);
			sourceTree = "<group>";
		};
		100811DF1CCCEF7B00535B39 /* Products */ = {
			isa = PBXGroup;
			children = (
				100811DE1CCCEF7B00535B39 /* newUserDefaults.app */,
			);
			name = Products;
			sourceTree = "<group>";
		};
		100811E01CCCEF7B00535B39 /* newUserDefaults */ = {
			isa = PBXGroup;
			children = (
				100811E11CCCEF7C00535B39 /* AppDelegate.swift */,
				100811E31CCCEF7C00535B39 /* ViewController.swift */,
				100811E51CCCEF7C00535B39 /* Main.storyboard */,
				100811E81CCCEF7C00535B39 /* Assets.xcassets */,
				100811EA1CCCEF7C00535B39 /* LaunchScreen.storyboard */,
				100811ED1CCCEF7C00535B39 /* Info.plist */,
				100811F31CCCF48000535B39 /* Person.swift */,
			);
			path = newUserDefaults;
			sourceTree = "<group>";
		};
/* End PBXGroup section */

/* Begin PBXNativeTarget section */
		100811DD1CCCEF7B00535B39 /* newUserDefaults */ = {
			isa = PBXNativeTarget;
			buildConfigurationList = 100811F01CCCEF7C00535B39 /* Build configuration list for PBXNativeTarget "newUserDefaults" */;
			buildPhases = (
				100811DA1CCCEF7B00535B39 /* Sources */,
				100811DB1CCCEF7B00535B39 /* Frameworks */,
				100811DC1CCCEF7B00535B39 /* Resources */,
			);
			buildRules = (
			);
			dependencies = (
			);
			name = newUserDefaults;
			productName = newUserDefaults;
			productReference = 100811DE1CCCEF7B00535B39 /* newUserDefaults.app */;
			productType = "com.apple.product-type.application";
		};
/* End PBXNativeTarget section */

/* Begin PBXProject section */
		100811D61CCCEF7B00535B39 /* Project object */ = {
			isa = PBXProject;
			attributes = {
				LastSwiftUpdateCheck = 0720;
				LastUpgradeCheck = 0720;
				ORGANIZATIONNAME = "marvin evins";
				TargetAttributes = {
					100811DD1CCCEF7B00535B39 = {
						CreatedOnToolsVersion = 7.2.1;
					};
				};
			};
			buildConfigurationList = 100811D91CCCEF7B00535B39 /* Build configuration list for PBXProject "newUserDefaults" */;
			compatibilityVersion = "Xcode 3.2";
			developmentRegion = English;
			hasScannedForEncodings = 0;
			knownRegions = (
				en,
				Base,
			);
			mainGroup = 100811D51CCCEF7B00535B39;
			productRefGroup = 100811DF1CCCEF7B00535B39 /* Products */;
			projectDirPath = "";
			projectRoot = "";
			targets = (
				100811DD1CCCEF7B00535B39 /* newUserDefaults */,
			);
		};
/* End PBXProject section */

/* Begin PBXResourcesBuildPhase section */
		100811DC1CCCEF7B00535B39 /* Resources */ = {
			isa = PBXResourcesBuildPhase;
			buildActionMask = 2147483647;
			files = (
				100811EC1CCCEF7C00535B39 /* LaunchScreen.storyboard in Resources */,
				100811E91CCCEF7C00535B39 /* Assets.xcassets in Resources */,
				100811E71CCCEF7C00535B39 /* Main.storyboard in Resources */,
			);
			runOnlyForDeploymentPostprocessing = 0;
		};
/* End PBXResourcesBuildPhase section */

/* Begin PBXSourcesBuildPhase section */
		100811DA1CCCEF7B00535B39 /* Sources */ = {
			isa = PBXSourcesBuildPhase;
			buildActionMask = 2147483647;
			files = (
				100811F41CCCF48000535B39 /* Person.swift in Sources */,
				100811E41CCCEF7C00535B39 /* ViewController.swift in Sources */,
				100811E21CCCEF7C00535B39 /* AppDelegate.swift in Sources */,
			);
			runOnlyForDeploymentPostprocessing = 0;
		};
/* End PBXSourcesBuildPhase section */

/* Begin PBXVariantGroup section */
		100811E51CCCEF7C00535B39 /* Main.storyboard */ = {
			isa = PBXVariantGroup;
			children = (
				100811E61CCCEF7C00535B39 /* Base */,
			);
			name = Main.storyboard;
			sourceTree = "<group>";
		};
		100811EA1CCCEF7C00535B39 /* LaunchScreen.storyboard */ = {
			isa = PBXVariantGroup;
			children = (
				100811EB1CCCEF7C00535B39 /* Base */,
			);
			name = LaunchScreen.storyboard;
			sourceTree = "<group>";
		};
/* End PBXVariantGroup section */

/* Begin XCBuildConfiguration section */
		100811EE1CCCEF7C00535B39 /* Debug */ = {
			isa = XCBuildConfiguration;
			buildSettings = {
				ALWAYS_SEARCH_USER_PATHS = NO;
				CLANG_CXX_LANGUAGE_STANDARD = "gnu++0x";
				CLANG_CXX_LIBRARY = "libc++";
				CLANG_ENABLE_MODULES = YES;
				CLANG_ENABLE_OBJC_ARC = YES;
				CLANG_WARN_BOOL_CONVERSION = YES;
				CLANG_WARN_CONSTANT_CONVERSION = YES;
				CLANG_WARN_DIRECT_OBJC_ISA_USAGE = YES_ERROR;
				CLANG_WARN_EMPTY_BODY = YES;
				CLANG_WARN_ENUM_CONVERSION = YES;
				CLANG_WARN_INT_CONVERSION = YES;
				CLANG_WARN_OBJC_ROOT_CLASS = YES_ERROR;
				CLANG_WARN_UNREACHABLE_CODE = YES;
				CLANG_WARN__DUPLICATE_METHOD_MATCH = YES;
				"CODE_SIGN_IDENTITY[sdk=iphoneos*]" = "iPhone Developer";
				COPY_PHASE_STRIP = NO;
				DEBUG_INFORMATION_FORMAT = dwarf;
				ENABLE_STRICT_OBJC_MSGSEND = YES;
				ENABLE_TESTABILITY = YES;
				GCC_C_LANGUAGE_STANDARD = gnu99;
				GCC_DYNAMIC_NO_PIC = NO;
				GCC_NO_COMMON_BLOCKS = YES;
				GCC_OPTIMIZATION_LEVEL = 0;
				GCC_PREPROCESSOR_DEFINITIONS = (
					"DEBUG=1",
					"$(inherited)",
				);
				GCC_WARN_64_TO_32_BIT_CONVERSION = YES;
				GCC_WARN_ABOUT_RETURN_TYPE = YES_ERROR;
				GCC_WARN_UNDECLARED_SELECTOR = YES;
				GCC_WARN_UNINITIALIZED_AUTOS = YES_AGGRESSIVE;
				GCC_WARN_UNUSED_FUNCTION = YES;
				GCC_WARN_UNUSED_VARIABLE = YES;
				IPHONEOS_DEPLOYMENT_TARGET = 9.2;
				MTL_ENABLE_DEBUG_INFO = YES;
				ONLY_ACTIVE_ARCH = YES;
				SDKROOT = iphoneos;
				SWIFT_OPTIMIZATION_LEVEL = "-Onone";
			};
			name = Debug;
		};
		100811EF1CCCEF7C00535B39 /* Release */ = {
			isa = XCBuildConfiguration;
			buildSettings = {
				ALWAYS_SEARCH_USER_PATHS = NO;
				CLANG_CXX_LANGUAGE_STANDARD = "gnu++0x";
				CLANG_CXX_LIBRARY = "libc++";
				CLANG_ENABLE_MODULES = YES;
				CLANG_ENABLE_OBJC_ARC = YES;
				CLANG_WARN_BOOL_CONVERSION = YES;
				CLANG_WARN_CONSTANT_CONVERSION = YES;
				CLANG_WARN_DIRECT_OBJC_ISA_USAGE = YES_ERROR;
				CLANG_WARN_EMPTY_BODY = YES;
				CLANG_WARN_ENUM_CONVERSION = YES;
				CLANG_WARN_INT_CONVERSION = YES;
				CLANG_WARN_OBJC_ROOT_CLASS = YES_ERROR;
				CLANG_WARN_UNREACHABLE_CODE = YES;
				CLANG_WARN__DUPLICATE_METHOD_MATCH = YES;
				"CODE_SIGN_IDENTITY[sdk=iphoneos*]" = "iPhone Developer";
				COPY_PHASE_STRIP = NO;
				DEBUG_INFORMATION_FORMAT = "dwarf-with-dsym";
				ENABLE_NS_ASSERTIONS = NO;
				ENABLE_STRICT_OBJC_MSGSEND = YES;
				GCC_C_LANGUAGE_STANDARD = gnu99;
				GCC_NO_COMMON_BLOCKS = YES;
				GCC_WARN_64_TO_32_BIT_CONVERSION = YES;
				GCC_WARN_ABOUT_RETURN_TYPE = YES_ERROR;
				GCC_WARN_UNDECLARED_SELECTOR = YES;
				GCC_WARN_UNINITIALIZED_AUTOS = YES_AGGRESSIVE;
				GCC_WARN_UNUSED_FUNCTION = YES;
				GCC_WARN_UNUSED_VARIABLE = YES;
				IPHONEOS_DEPLOYMENT_TARGET = 9.2;
				MTL_ENABLE_DEBUG_INFO = NO;
				SDKROOT = iphoneos;
				VALIDATE_PRODUCT = YES;
			};
			name = Release;
		};
		100811F11CCCEF7C00535B39 /* Debug */ = {
			isa = XCBuildConfiguration;
			buildSettings = {
				ASSETCATALOG_COMPILER_APPICON_NAME = AppIcon;
				INFOPLIST_FILE = newUserDefaults/Info.plist;
				LD_RUNPATH_SEARCH_PATHS = "$(inherited) @executable_path/Frameworks";
				PRODUCT_BUNDLE_IDENTIFIER = com.iOSavant.newUserDefaults;
				PRODUCT_NAME = "$(TARGET_NAME)";
			};
			name = Debug;
		};
		100811F21CCCEF7C00535B39 /* Release */ = {
			isa = XCBuildConfiguration;
			buildSettings = {
				ASSETCATALOG_COMPILER_APPICON_NAME = AppIcon;
				INFOPLIST_FILE = newUserDefaults/Info.plist;
				LD_RUNPATH_SEARCH_PATHS = "$(inherited) @executable_path/Frameworks";
				PRODUCT_BUNDLE_IDENTIFIER = com.iOSavant.newUserDefaults;
				PRODUCT_NAME = "$(TARGET_NAME)";
			};
			name = Release;
		};
/* End XCBuildConfiguration section */

/* Begin XCConfigurationList section */
		100811D91CCCEF7B00535B39 /* Build configuration list for PBXProject "newUserDefaults" */ = {
			isa = XCConfigurationList;
			buildConfigurations = (
				100811EE1CCCEF7C00535B39 /* Debug */,
				100811EF1CCCEF7C00535B39 /* Release */,
			);
			defaultConfigurationIsVisible = 0;
			defaultConfigurationName = Release;
		};
		100811F01CCCEF7C00535B39 /* Build configuration list for PBXNativeTarget "newUserDefaults" */ = {
			isa = XCConfigurationList;
			buildConfigurations = (
				100811F11CCCEF7C00535B39 /* Debug */,
				100811F21CCCEF7C00535B39 /* Release */,
			);
			defaultConfigurationIsVisible = 0;
		};
/* End XCConfigurationList section */
	};
	rootObject = 100811D61CCCEF7B00535B39 /* Project object */;
}
